// !$*UTF8*$!
{
	archiveVersion = 1;
	classes = {
	};
	objectVersion = 56;
	objects = {

/* Begin PBXBuildFile section */
		6A01BD5229A4AD7E00B51AFF /* AlertActions.swift in Sources */ = {isa = PBXBuildFile; fileRef = 6A01BD5129A4AD7E00B51AFF /* AlertActions.swift */; };
		6A0A68DA29B9B1A80019C0E7 /* CRUDOperations.xcdatamodeld in Sources */ = {isa = PBXBuildFile; fileRef = 6A0A68D829B9B1A80019C0E7 /* CRUDOperations.xcdatamodeld */; };
		6A27297A29A47F2A000B62D1 /* AppDelegate.swift in Sources */ = {isa = PBXBuildFile; fileRef = 6A27297929A47F2A000B62D1 /* AppDelegate.swift */; };
		6A27297C29A47F2A000B62D1 /* SceneDelegate.swift in Sources */ = {isa = PBXBuildFile; fileRef = 6A27297B29A47F2A000B62D1 /* SceneDelegate.swift */; };
		6A27297E29A47F2A000B62D1 /* ViewController.swift in Sources */ = {isa = PBXBuildFile; fileRef = 6A27297D29A47F2A000B62D1 /* ViewController.swift */; };
		6A27298129A47F2A000B62D1 /* Main.storyboard in Resources */ = {isa = PBXBuildFile; fileRef = 6A27297F29A47F2A000B62D1 /* Main.storyboard */; };
		6A27298329A47F2A000B62D1 /* Assets.xcassets in Resources */ = {isa = PBXBuildFile; fileRef = 6A27298229A47F2A000B62D1 /* Assets.xcassets */; };
		6A27298629A47F2A000B62D1 /* LaunchScreen.storyboard in Resources */ = {isa = PBXBuildFile; fileRef = 6A27298429A47F2A000B62D1 /* LaunchScreen.storyboard */; };
		6A2729AB29A47FEA000B62D1 /* Contacts.swift in Sources */ = {isa = PBXBuildFile; fileRef = 6A2729AA29A47FEA000B62D1 /* Contacts.swift */; };
		6A2729AD29A49253000B62D1 /* ContactDetailVC.swift in Sources */ = {isa = PBXBuildFile; fileRef = 6A2729AC29A49253000B62D1 /* ContactDetailVC.swift */; };
		6A2729B329A4A295000B62D1 /* ContactCRUD.swift in Sources */ = {isa = PBXBuildFile; fileRef = 6A2729B229A4A295000B62D1 /* ContactCRUD.swift */; };
		6A66229029B0688800C814A5 /* TableView+ContactCell.swift in Sources */ = {isa = PBXBuildFile; fileRef = 6A66228F29B0688800C814A5 /* TableView+ContactCell.swift */; };
		6A66229229B06AC100C814A5 /* ContactDetailVCTableView.swift in Sources */ = {isa = PBXBuildFile; fileRef = 6A66229129B06AC100C814A5 /* ContactDetailVCTableView.swift */; };
		6A66229529B0809300C814A5 /* AddContactVC.swift in Sources */ = {isa = PBXBuildFile; fileRef = 6A66229429B0809300C814A5 /* AddContactVC.swift */; };
		6A66229929B0845400C814A5 /* TextFieldCell.swift in Sources */ = {isa = PBXBuildFile; fileRef = 6A66229829B0845400C814A5 /* TextFieldCell.swift */; };
		6A66229F29B0965F00C814A5 /* AddContactTableView.swift in Sources */ = {isa = PBXBuildFile; fileRef = 6A66229E29B0965F00C814A5 /* AddContactTableView.swift */; };
		6A6622A129B09FF600C814A5 /* AddContactImagePicker.swift in Sources */ = {isa = PBXBuildFile; fileRef = 6A6622A029B09FF600C814A5 /* AddContactImagePicker.swift */; };
		6A84DB0F29B1C3F90071D2B6 /* ViewControllerSearch.swift in Sources */ = {isa = PBXBuildFile; fileRef = 6A84DB0E29B1C3F90071D2B6 /* ViewControllerSearch.swift */; };
		6A84DB1129B1CE360071D2B6 /* PhoneTextFieldCell.swift in Sources */ = {isa = PBXBuildFile; fileRef = 6A84DB1029B1CE360071D2B6 /* PhoneTextFieldCell.swift */; };
		6A84DB1329B1FC000071D2B6 /* AddContactTableUtility.swift in Sources */ = {isa = PBXBuildFile; fileRef = 6A84DB1229B1FC000071D2B6 /* AddContactTableUtility.swift */; };
		6A84DB1829B214E00071D2B6 /* LabelsTableViewController.swift in Sources */ = {isa = PBXBuildFile; fileRef = 6A84DB1729B214E00071D2B6 /* LabelsTableViewController.swift */; };
		6A8706F629C18FBC00B5F93F /* PersonInfo+CoreDataClass.swift in Sources */ = {isa = PBXBuildFile; fileRef = 6A8706F429C18FBC00B5F93F /* PersonInfo+CoreDataClass.swift */; };
		6A8706F729C18FBC00B5F93F /* PersonInfo+CoreDataProperties.swift in Sources */ = {isa = PBXBuildFile; fileRef = 6A8706F529C18FBC00B5F93F /* PersonInfo+CoreDataProperties.swift */; };
		6AC8168129B9A87600EAA835 /* Constants.swift in Sources */ = {isa = PBXBuildFile; fileRef = 6AC8168029B9A87600EAA835 /* Constants.swift */; };
		6AD86BF929A5D64B001965E6 /* SortContacts.swift in Sources */ = {isa = PBXBuildFile; fileRef = 6AD86BF829A5D64B001965E6 /* SortContacts.swift */; };
		6AD86BFE29A612C3001965E6 /* ViewControllerTableView.swift in Sources */ = {isa = PBXBuildFile; fileRef = 6AD86BFD29A612C3001965E6 /* ViewControllerTableView.swift */; };
		6AD86C0029A6134A001965E6 /* ViewControllerContactMod.swift in Sources */ = {isa = PBXBuildFile; fileRef = 6AD86BFF29A6134A001965E6 /* ViewControllerContactMod.swift */; };
		6AD86C0329A61468001965E6 /* ContactDetailVCContactMod.swift in Sources */ = {isa = PBXBuildFile; fileRef = 6AD86C0229A61468001965E6 /* ContactDetailVCContactMod.swift */; };
		6AD86C0529A614E8001965E6 /* ContactDetailVCUtility.swift in Sources */ = {isa = PBXBuildFile; fileRef = 6AD86C0429A614E8001965E6 /* ContactDetailVCUtility.swift */; };
/* End PBXBuildFile section */

/* Begin PBXContainerItemProxy section */
		6A27298D29A47F2A000B62D1 /* PBXContainerItemProxy */ = {
			isa = PBXContainerItemProxy;
			containerPortal = 6A27296E29A47F2A000B62D1 /* Project object */;
			proxyType = 1;
			remoteGlobalIDString = 6A27297529A47F2A000B62D1;
			remoteInfo = TableViewList;
		};
		6A27299729A47F2A000B62D1 /* PBXContainerItemProxy */ = {
			isa = PBXContainerItemProxy;
			containerPortal = 6A27296E29A47F2A000B62D1 /* Project object */;
			proxyType = 1;
			remoteGlobalIDString = 6A27297529A47F2A000B62D1;
			remoteInfo = TableViewList;
		};
/* End PBXContainerItemProxy section */

/* Begin PBXFileReference section */
		6A01BD5129A4AD7E00B51AFF /* AlertActions.swift */ = {isa = PBXFileReference; fileEncoding = 4; lastKnownFileType = sourcecode.swift; name = AlertActions.swift; path = TableViewList/ViewActions/AlertActions.swift; sourceTree = SOURCE_ROOT; };
		6A0A68D929B9B1A80019C0E7 /* CRUDOperations.xcdatamodel */ = {isa = PBXFileReference; lastKnownFileType = wrapper.xcdatamodel; path = CRUDOperations.xcdatamodel; sourceTree = "<group>"; };
		6A27297629A47F2A000B62D1 /* TableViewList.app */ = {isa = PBXFileReference; explicitFileType = wrapper.application; includeInIndex = 0; path = TableViewList.app; sourceTree = BUILT_PRODUCTS_DIR; };
		6A27297929A47F2A000B62D1 /* AppDelegate.swift */ = {isa = PBXFileReference; lastKnownFileType = sourcecode.swift; path = AppDelegate.swift; sourceTree = "<group>"; };
		6A27297B29A47F2A000B62D1 /* SceneDelegate.swift */ = {isa = PBXFileReference; lastKnownFileType = sourcecode.swift; path = SceneDelegate.swift; sourceTree = "<group>"; };
		6A27297D29A47F2A000B62D1 /* ViewController.swift */ = {isa = PBXFileReference; lastKnownFileType = sourcecode.swift; path = ViewController.swift; sourceTree = "<group>"; };
		6A27298029A47F2A000B62D1 /* Base */ = {isa = PBXFileReference; lastKnownFileType = file.storyboard; name = Base; path = Base.lproj/Main.storyboard; sourceTree = "<group>"; };
		6A27298229A47F2A000B62D1 /* Assets.xcassets */ = {isa = PBXFileReference; lastKnownFileType = folder.assetcatalog; path = Assets.xcassets; sourceTree = "<group>"; };
		6A27298529A47F2A000B62D1 /* Base */ = {isa = PBXFileReference; lastKnownFileType = file.storyboard; name = Base; path = Base.lproj/LaunchScreen.storyboard; sourceTree = "<group>"; };
		6A27298729A47F2A000B62D1 /* Info.plist */ = {isa = PBXFileReference; lastKnownFileType = text.plist.xml; path = Info.plist; sourceTree = "<group>"; };
		6A27298C29A47F2A000B62D1 /* TableViewListTests.xctest */ = {isa = PBXFileReference; explicitFileType = wrapper.cfbundle; includeInIndex = 0; path = TableViewListTests.xctest; sourceTree = BUILT_PRODUCTS_DIR; };
		6A27299629A47F2A000B62D1 /* TableViewListUITests.xctest */ = {isa = PBXFileReference; explicitFileType = wrapper.cfbundle; includeInIndex = 0; path = TableViewListUITests.xctest; sourceTree = BUILT_PRODUCTS_DIR; };
		6A2729AA29A47FEA000B62D1 /* Contacts.swift */ = {isa = PBXFileReference; lastKnownFileType = sourcecode.swift; path = Contacts.swift; sourceTree = "<group>"; };
		6A2729AC29A49253000B62D1 /* ContactDetailVC.swift */ = {isa = PBXFileReference; lastKnownFileType = sourcecode.swift; path = ContactDetailVC.swift; sourceTree = "<group>"; };
		6A2729B229A4A295000B62D1 /* ContactCRUD.swift */ = {isa = PBXFileReference; lastKnownFileType = sourcecode.swift; path = ContactCRUD.swift; sourceTree = "<group>"; };
		6A66228F29B0688800C814A5 /* TableView+ContactCell.swift */ = {isa = PBXFileReference; lastKnownFileType = sourcecode.swift; path = "TableView+ContactCell.swift"; sourceTree = "<group>"; };
		6A66229129B06AC100C814A5 /* ContactDetailVCTableView.swift */ = {isa = PBXFileReference; lastKnownFileType = sourcecode.swift; path = ContactDetailVCTableView.swift; sourceTree = "<group>"; };
		6A66229429B0809300C814A5 /* AddContactVC.swift */ = {isa = PBXFileReference; lastKnownFileType = sourcecode.swift; path = AddContactVC.swift; sourceTree = "<group>"; };
		6A66229829B0845400C814A5 /* TextFieldCell.swift */ = {isa = PBXFileReference; lastKnownFileType = sourcecode.swift; path = TextFieldCell.swift; sourceTree = "<group>"; };
		6A66229E29B0965F00C814A5 /* AddContactTableView.swift */ = {isa = PBXFileReference; lastKnownFileType = sourcecode.swift; path = AddContactTableView.swift; sourceTree = "<group>"; };
		6A6622A029B09FF600C814A5 /* AddContactImagePicker.swift */ = {isa = PBXFileReference; lastKnownFileType = sourcecode.swift; path = AddContactImagePicker.swift; sourceTree = "<group>"; };
		6A84DB0E29B1C3F90071D2B6 /* ViewControllerSearch.swift */ = {isa = PBXFileReference; lastKnownFileType = sourcecode.swift; path = ViewControllerSearch.swift; sourceTree = "<group>"; };
		6A84DB1029B1CE360071D2B6 /* PhoneTextFieldCell.swift */ = {isa = PBXFileReference; lastKnownFileType = sourcecode.swift; path = PhoneTextFieldCell.swift; sourceTree = "<group>"; };
		6A84DB1229B1FC000071D2B6 /* AddContactTableUtility.swift */ = {isa = PBXFileReference; lastKnownFileType = sourcecode.swift; path = AddContactTableUtility.swift; sourceTree = "<group>"; };
		6A84DB1729B214E00071D2B6 /* LabelsTableViewController.swift */ = {isa = PBXFileReference; lastKnownFileType = sourcecode.swift; path = LabelsTableViewController.swift; sourceTree = "<group>"; };
		6A8706F429C18FBC00B5F93F /* PersonInfo+CoreDataClass.swift */ = {isa = PBXFileReference; lastKnownFileType = sourcecode.swift; path = "PersonInfo+CoreDataClass.swift"; sourceTree = "<group>"; };
		6A8706F529C18FBC00B5F93F /* PersonInfo+CoreDataProperties.swift */ = {isa = PBXFileReference; lastKnownFileType = sourcecode.swift; path = "PersonInfo+CoreDataProperties.swift"; sourceTree = "<group>"; };
		6AC8168029B9A87600EAA835 /* Constants.swift */ = {isa = PBXFileReference; lastKnownFileType = sourcecode.swift; path = Constants.swift; sourceTree = "<group>"; };
		6AD86BF829A5D64B001965E6 /* SortContacts.swift */ = {isa = PBXFileReference; lastKnownFileType = sourcecode.swift; path = SortContacts.swift; sourceTree = "<group>"; };
		6AD86BFD29A612C3001965E6 /* ViewControllerTableView.swift */ = {isa = PBXFileReference; lastKnownFileType = sourcecode.swift; path = ViewControllerTableView.swift; sourceTree = "<group>"; };
		6AD86BFF29A6134A001965E6 /* ViewControllerContactMod.swift */ = {isa = PBXFileReference; lastKnownFileType = sourcecode.swift; path = ViewControllerContactMod.swift; sourceTree = "<group>"; };
		6AD86C0229A61468001965E6 /* ContactDetailVCContactMod.swift */ = {isa = PBXFileReference; lastKnownFileType = sourcecode.swift; path = ContactDetailVCContactMod.swift; sourceTree = "<group>"; };
		6AD86C0429A614E8001965E6 /* ContactDetailVCUtility.swift */ = {isa = PBXFileReference; lastKnownFileType = sourcecode.swift; path = ContactDetailVCUtility.swift; sourceTree = "<group>"; };
/* End PBXFileReference section */

/* Begin PBXFrameworksBuildPhase section */
		6A27297329A47F2A000B62D1 /* Frameworks */ = {
			isa = PBXFrameworksBuildPhase;
			buildActionMask = 2147483647;
			files = (
			);
			runOnlyForDeploymentPostprocessing = 0;
		};
		6A27298929A47F2A000B62D1 /* Frameworks */ = {
			isa = PBXFrameworksBuildPhase;
			buildActionMask = 2147483647;
			files = (
			);
			runOnlyForDeploymentPostprocessing = 0;
		};
		6A27299329A47F2A000B62D1 /* Frameworks */ = {
			isa = PBXFrameworksBuildPhase;
			buildActionMask = 2147483647;
			files = (
			);
			runOnlyForDeploymentPostprocessing = 0;
		};
/* End PBXFrameworksBuildPhase section */

/* Begin PBXGroup section */
		6A27296D29A47F2A000B62D1 = {
			isa = PBXGroup;
			children = (
				6A27297829A47F2A000B62D1 /* TableViewList */,
				6A27297729A47F2A000B62D1 /* Products */,
			);
			sourceTree = "<group>";
		};
		6A27297729A47F2A000B62D1 /* Products */ = {
			isa = PBXGroup;
			children = (
				6A27297629A47F2A000B62D1 /* TableViewList.app */,
				6A27298C29A47F2A000B62D1 /* TableViewListTests.xctest */,
				6A27299629A47F2A000B62D1 /* TableViewListUITests.xctest */,
			);
			name = Products;
			sourceTree = "<group>";
		};
		6A27297829A47F2A000B62D1 /* TableViewList */ = {
			isa = PBXGroup;
			children = (
				6AC8167F29B9A86600EAA835 /* Constants */,
				6A84DB1429B214910071D2B6 /* LabelViewController */,
				6A66229329B0807600C814A5 /* AddContactController */,
				6AD86C0729A6159A001965E6 /* MainViewController */,
				6AD86C0629A61581001965E6 /* ContactDetailVC */,
				6A2729B429A4A320000B62D1 /* ViewActions */,
				6A2729B129A4A275000B62D1 /* ContactFunctions */,
				6A2729A929A47FD2000B62D1 /* Models */,
				6A27297929A47F2A000B62D1 /* AppDelegate.swift */,
				6A27297B29A47F2A000B62D1 /* SceneDelegate.swift */,
				6A27297F29A47F2A000B62D1 /* Main.storyboard */,
				6A27298229A47F2A000B62D1 /* Assets.xcassets */,
				6A27298429A47F2A000B62D1 /* LaunchScreen.storyboard */,
				6A27298729A47F2A000B62D1 /* Info.plist */,
				6A0A68D829B9B1A80019C0E7 /* CRUDOperations.xcdatamodeld */,
			);
			path = TableViewList;
			sourceTree = "<group>";
		};
		6A2729A929A47FD2000B62D1 /* Models */ = {
			isa = PBXGroup;
			children = (
				6A8706F429C18FBC00B5F93F /* PersonInfo+CoreDataClass.swift */,
				6A8706F529C18FBC00B5F93F /* PersonInfo+CoreDataProperties.swift */,
				6A2729AA29A47FEA000B62D1 /* Contacts.swift */,
			);
			path = Models;
			sourceTree = "<group>";
		};
		6A2729B129A4A275000B62D1 /* ContactFunctions */ = {
			isa = PBXGroup;
			children = (
				6A2729B229A4A295000B62D1 /* ContactCRUD.swift */,
				6AD86BF829A5D64B001965E6 /* SortContacts.swift */,
			);
			path = ContactFunctions;
			sourceTree = "<group>";
		};
		6A2729B429A4A320000B62D1 /* ViewActions */ = {
			isa = PBXGroup;
			children = (
				6A01BD5129A4AD7E00B51AFF /* AlertActions.swift */,
			);
			path = ViewActions;
			sourceTree = "<group>";
		};
		6A66228E29B0686D00C814A5 /* CustomCells */ = {
			isa = PBXGroup;
			children = (
				6A66228F29B0688800C814A5 /* TableView+ContactCell.swift */,
			);
			path = CustomCells;
			sourceTree = "<group>";
		};
		6A66229329B0807600C814A5 /* AddContactController */ = {
			isa = PBXGroup;
			children = (
				6A66229D29B0964B00C814A5 /* AddContactVCExtension */,
				6A66229729B0840C00C814A5 /* CustomCell */,
				6A66229429B0809300C814A5 /* AddContactVC.swift */,
			);
			path = AddContactController;
			sourceTree = "<group>";
		};
		6A66229729B0840C00C814A5 /* CustomCell */ = {
			isa = PBXGroup;
			children = (
				6A66229829B0845400C814A5 /* TextFieldCell.swift */,
				6A84DB1029B1CE360071D2B6 /* PhoneTextFieldCell.swift */,
			);
			path = CustomCell;
			sourceTree = "<group>";
		};
		6A66229D29B0964B00C814A5 /* AddContactVCExtension */ = {
			isa = PBXGroup;
			children = (
				6A66229E29B0965F00C814A5 /* AddContactTableView.swift */,
				6A6622A029B09FF600C814A5 /* AddContactImagePicker.swift */,
				6A84DB1229B1FC000071D2B6 /* AddContactTableUtility.swift */,
			);
			path = AddContactVCExtension;
			sourceTree = "<group>";
		};
		6A84DB1429B214910071D2B6 /* LabelViewController */ = {
			isa = PBXGroup;
			children = (
				6A84DB1729B214E00071D2B6 /* LabelsTableViewController.swift */,
			);
			path = LabelViewController;
			sourceTree = "<group>";
		};
		6AC8167F29B9A86600EAA835 /* Constants */ = {
			isa = PBXGroup;
			children = (
				6AC8168029B9A87600EAA835 /* Constants.swift */,
			);
			path = Constants;
			sourceTree = "<group>";
		};
		6AD86BFC29A612A4001965E6 /* ViewControllerExtension */ = {
			isa = PBXGroup;
			children = (
				6AD86BFD29A612C3001965E6 /* ViewControllerTableView.swift */,
				6AD86BFF29A6134A001965E6 /* ViewControllerContactMod.swift */,
				6A84DB0E29B1C3F90071D2B6 /* ViewControllerSearch.swift */,
			);
			path = ViewControllerExtension;
			sourceTree = "<group>";
		};
		6AD86C0129A61438001965E6 /* ContactDetailVCExtension */ = {
			isa = PBXGroup;
			children = (
				6AD86C0229A61468001965E6 /* ContactDetailVCContactMod.swift */,
				6AD86C0429A614E8001965E6 /* ContactDetailVCUtility.swift */,
				6A66229129B06AC100C814A5 /* ContactDetailVCTableView.swift */,
			);
			path = ContactDetailVCExtension;
			sourceTree = "<group>";
		};
		6AD86C0629A61581001965E6 /* ContactDetailVC */ = {
			isa = PBXGroup;
			children = (
				6A66228E29B0686D00C814A5 /* CustomCells */,
				6AD86C0129A61438001965E6 /* ContactDetailVCExtension */,
				6A2729AC29A49253000B62D1 /* ContactDetailVC.swift */,
			);
			path = ContactDetailVC;
			sourceTree = "<group>";
		};
		6AD86C0729A6159A001965E6 /* MainViewController */ = {
			isa = PBXGroup;
			children = (
				6AD86BFC29A612A4001965E6 /* ViewControllerExtension */,
				6A27297D29A47F2A000B62D1 /* ViewController.swift */,
			);
			path = MainViewController;
			sourceTree = "<group>";
		};
/* End PBXGroup section */

/* Begin PBXNativeTarget section */
		6A27297529A47F2A000B62D1 /* TableViewList */ = {
			isa = PBXNativeTarget;
			buildConfigurationList = 6A2729A029A47F2A000B62D1 /* Build configuration list for PBXNativeTarget "TableViewList" */;
			buildPhases = (
				6A27297229A47F2A000B62D1 /* Sources */,
				6A27297329A47F2A000B62D1 /* Frameworks */,
				6A27297429A47F2A000B62D1 /* Resources */,
			);
			buildRules = (
			);
			dependencies = (
			);
			name = TableViewList;
			productName = TableViewList;
			productReference = 6A27297629A47F2A000B62D1 /* TableViewList.app */;
			productType = "com.apple.product-type.application";
		};
		6A27298B29A47F2A000B62D1 /* TableViewListTests */ = {
			isa = PBXNativeTarget;
			buildConfigurationList = 6A2729A329A47F2A000B62D1 /* Build configuration list for PBXNativeTarget "TableViewListTests" */;
			buildPhases = (
				6A27298829A47F2A000B62D1 /* Sources */,
				6A27298929A47F2A000B62D1 /* Frameworks */,
				6A27298A29A47F2A000B62D1 /* Resources */,
			);
			buildRules = (
			);
			dependencies = (
				6A27298E29A47F2A000B62D1 /* PBXTargetDependency */,
			);
			name = TableViewListTests;
			productName = TableViewListTests;
			productReference = 6A27298C29A47F2A000B62D1 /* TableViewListTests.xctest */;
			productType = "com.apple.product-type.bundle.unit-test";
		};
		6A27299529A47F2A000B62D1 /* TableViewListUITests */ = {
			isa = PBXNativeTarget;
			buildConfigurationList = 6A2729A629A47F2A000B62D1 /* Build configuration list for PBXNativeTarget "TableViewListUITests" */;
			buildPhases = (
				6A27299229A47F2A000B62D1 /* Sources */,
				6A27299329A47F2A000B62D1 /* Frameworks */,
				6A27299429A47F2A000B62D1 /* Resources */,
			);
			buildRules = (
			);
			dependencies = (
				6A27299829A47F2A000B62D1 /* PBXTargetDependency */,
			);
			name = TableViewListUITests;
			productName = TableViewListUITests;
			productReference = 6A27299629A47F2A000B62D1 /* TableViewListUITests.xctest */;
			productType = "com.apple.product-type.bundle.ui-testing";
		};
/* End PBXNativeTarget section */

/* Begin PBXProject section */
		6A27296E29A47F2A000B62D1 /* Project object */ = {
			isa = PBXProject;
			attributes = {
				BuildIndependentTargetsInParallel = 1;
				LastSwiftUpdateCheck = 1420;
				LastUpgradeCheck = 1420;
				TargetAttributes = {
					6A27297529A47F2A000B62D1 = {
						CreatedOnToolsVersion = 14.2;
					};
					6A27298B29A47F2A000B62D1 = {
						CreatedOnToolsVersion = 14.2;
						TestTargetID = 6A27297529A47F2A000B62D1;
					};
					6A27299529A47F2A000B62D1 = {
						CreatedOnToolsVersion = 14.2;
						TestTargetID = 6A27297529A47F2A000B62D1;
					};
				};
			};
			buildConfigurationList = 6A27297129A47F2A000B62D1 /* Build configuration list for PBXProject "TableViewList" */;
			compatibilityVersion = "Xcode 14.0";
			developmentRegion = en;
			hasScannedForEncodings = 0;
			knownRegions = (
				en,
				Base,
			);
			mainGroup = 6A27296D29A47F2A000B62D1;
			productRefGroup = 6A27297729A47F2A000B62D1 /* Products */;
			projectDirPath = "";
			projectRoot = "";
			targets = (
				6A27297529A47F2A000B62D1 /* TableViewList */,
				6A27298B29A47F2A000B62D1 /* TableViewListTests */,
				6A27299529A47F2A000B62D1 /* TableViewListUITests */,
			);
		};
/* End PBXProject section */

/* Begin PBXResourcesBuildPhase section */
		6A27297429A47F2A000B62D1 /* Resources */ = {
			isa = PBXResourcesBuildPhase;
			buildActionMask = 2147483647;
			files = (
				6A27298629A47F2A000B62D1 /* LaunchScreen.storyboard in Resources */,
				6A27298329A47F2A000B62D1 /* Assets.xcassets in Resources */,
				6A27298129A47F2A000B62D1 /* Main.storyboard in Resources */,
			);
			runOnlyForDeploymentPostprocessing = 0;
		};
		6A27298A29A47F2A000B62D1 /* Resources */ = {
			isa = PBXResourcesBuildPhase;
			buildActionMask = 2147483647;
			files = (
			);
			runOnlyForDeploymentPostprocessing = 0;
		};
		6A27299429A47F2A000B62D1 /* Resources */ = {
			isa = PBXResourcesBuildPhase;
			buildActionMask = 2147483647;
			files = (
			);
			runOnlyForDeploymentPostprocessing = 0;
		};
/* End PBXResourcesBuildPhase section */

/* Begin PBXSourcesBuildPhase section */
		6A27297229A47F2A000B62D1 /* Sources */ = {
			isa = PBXSourcesBuildPhase;
			buildActionMask = 2147483647;
			files = (
				6AD86BFE29A612C3001965E6 /* ViewControllerTableView.swift in Sources */,
				6A2729AB29A47FEA000B62D1 /* Contacts.swift in Sources */,
				6AD86C0329A61468001965E6 /* ContactDetailVCContactMod.swift in Sources */,
				6AD86BF929A5D64B001965E6 /* SortContacts.swift in Sources */,
				6A27297E29A47F2A000B62D1 /* ViewController.swift in Sources */,
				6A2729B329A4A295000B62D1 /* ContactCRUD.swift in Sources */,
				6A27297A29A47F2A000B62D1 /* AppDelegate.swift in Sources */,
				6A2729AD29A49253000B62D1 /* ContactDetailVC.swift in Sources */,
				6A66229229B06AC100C814A5 /* ContactDetailVCTableView.swift in Sources */,
				6AD86C0029A6134A001965E6 /* ViewControllerContactMod.swift in Sources */,
				6A84DB0F29B1C3F90071D2B6 /* ViewControllerSearch.swift in Sources */,
				6A84DB1829B214E00071D2B6 /* LabelsTableViewController.swift in Sources */,
				6A66229F29B0965F00C814A5 /* AddContactTableView.swift in Sources */,
				6A66229529B0809300C814A5 /* AddContactVC.swift in Sources */,
				6A8706F729C18FBC00B5F93F /* PersonInfo+CoreDataProperties.swift in Sources */,
				6A84DB1329B1FC000071D2B6 /* AddContactTableUtility.swift in Sources */,
				6A84DB1129B1CE360071D2B6 /* PhoneTextFieldCell.swift in Sources */,
				6A0A68DA29B9B1A80019C0E7 /* CRUDOperations.xcdatamodeld in Sources */,
				6A66229929B0845400C814A5 /* TextFieldCell.swift in Sources */,
				6A6622A129B09FF600C814A5 /* AddContactImagePicker.swift in Sources */,
				6A01BD5229A4AD7E00B51AFF /* AlertActions.swift in Sources */,
				6AD86C0529A614E8001965E6 /* ContactDetailVCUtility.swift in Sources */,
				6A8706F629C18FBC00B5F93F /* PersonInfo+CoreDataClass.swift in Sources */,
				6A66229029B0688800C814A5 /* TableView+ContactCell.swift in Sources */,
				6A27297C29A47F2A000B62D1 /* SceneDelegate.swift in Sources */,
				6AC8168129B9A87600EAA835 /* Constants.swift in Sources */,
			);
			runOnlyForDeploymentPostprocessing = 0;
		};
		6A27298829A47F2A000B62D1 /* Sources */ = {
			isa = PBXSourcesBuildPhase;
			buildActionMask = 2147483647;
			files = (
			);
			runOnlyForDeploymentPostprocessing = 0;
		};
		6A27299229A47F2A000B62D1 /* Sources */ = {
			isa = PBXSourcesBuildPhase;
			buildActionMask = 2147483647;
			files = (
			);
			runOnlyForDeploymentPostprocessing = 0;
		};
/* End PBXSourcesBuildPhase section */

/* Begin PBXTargetDependency section */
		6A27298E29A47F2A000B62D1 /* PBXTargetDependency */ = {
			isa = PBXTargetDependency;
			target = 6A27297529A47F2A000B62D1 /* TableViewList */;
			targetProxy = 6A27298D29A47F2A000B62D1 /* PBXContainerItemProxy */;
		};
		6A27299829A47F2A000B62D1 /* PBXTargetDependency */ = {
			isa = PBXTargetDependency;
			target = 6A27297529A47F2A000B62D1 /* TableViewList */;
			targetProxy = 6A27299729A47F2A000B62D1 /* PBXContainerItemProxy */;
		};
/* End PBXTargetDependency section */

/* Begin PBXVariantGroup section */
		6A27297F29A47F2A000B62D1 /* Main.storyboard */ = {
			isa = PBXVariantGroup;
			children = (
				6A27298029A47F2A000B62D1 /* Base */,
			);
			name = Main.storyboard;
			sourceTree = "<group>";
		};
		6A27298429A47F2A000B62D1 /* LaunchScreen.storyboard */ = {
			isa = PBXVariantGroup;
			children = (
				6A27298529A47F2A000B62D1 /* Base */,
			);
			name = LaunchScreen.storyboard;
			sourceTree = "<group>";
		};
/* End PBXVariantGroup section */

/* Begin XCBuildConfiguration section */
		6A27299E29A47F2A000B62D1 /* Debug */ = {
			isa = XCBuildConfiguration;
			buildSettings = {
				ALWAYS_SEARCH_USER_PATHS = NO;
				CLANG_ANALYZER_NONNULL = YES;
				CLANG_ANALYZER_NUMBER_OBJECT_CONVERSION = YES_AGGRESSIVE;
				CLANG_CXX_LANGUAGE_STANDARD = "gnu++20";
				CLANG_ENABLE_MODULES = YES;
				CLANG_ENABLE_OBJC_ARC = YES;
				CLANG_ENABLE_OBJC_WEAK = YES;
				CLANG_WARN_BLOCK_CAPTURE_AUTORELEASING = YES;
				CLANG_WARN_BOOL_CONVERSION = YES;
				CLANG_WARN_COMMA = YES;
				CLANG_WARN_CONSTANT_CONVERSION = YES;
				CLANG_WARN_DEPRECATED_OBJC_IMPLEMENTATIONS = YES;
				CLANG_WARN_DIRECT_OBJC_ISA_USAGE = YES_ERROR;
				CLANG_WARN_DOCUMENTATION_COMMENTS = YES;
				CLANG_WARN_EMPTY_BODY = YES;
				CLANG_WARN_ENUM_CONVERSION = YES;
				CLANG_WARN_INFINITE_RECURSION = YES;
				CLANG_WARN_INT_CONVERSION = YES;
				CLANG_WARN_NON_LITERAL_NULL_CONVERSION = YES;
				CLANG_WARN_OBJC_IMPLICIT_RETAIN_SELF = YES;
				CLANG_WARN_OBJC_LITERAL_CONVERSION = YES;
				CLANG_WARN_OBJC_ROOT_CLASS = YES_ERROR;
				CLANG_WARN_QUOTED_INCLUDE_IN_FRAMEWORK_HEADER = YES;
				CLANG_WARN_RANGE_LOOP_ANALYSIS = YES;
				CLANG_WARN_STRICT_PROTOTYPES = YES;
				CLANG_WARN_SUSPICIOUS_MOVE = YES;
				CLANG_WARN_UNGUARDED_AVAILABILITY = YES_AGGRESSIVE;
				CLANG_WARN_UNREACHABLE_CODE = YES;
				CLANG_WARN__DUPLICATE_METHOD_MATCH = YES;
				COPY_PHASE_STRIP = NO;
				DEBUG_INFORMATION_FORMAT = dwarf;
				ENABLE_STRICT_OBJC_MSGSEND = YES;
				ENABLE_TESTABILITY = YES;
				GCC_C_LANGUAGE_STANDARD = gnu11;
				GCC_DYNAMIC_NO_PIC = NO;
				GCC_NO_COMMON_BLOCKS = YES;
				GCC_OPTIMIZATION_LEVEL = 0;
				GCC_PREPROCESSOR_DEFINITIONS = (
					"DEBUG=1",
					"$(inherited)",
				);
				GCC_WARN_64_TO_32_BIT_CONVERSION = YES;
				GCC_WARN_ABOUT_RETURN_TYPE = YES_ERROR;
				GCC_WARN_UNDECLARED_SELECTOR = YES;
				GCC_WARN_UNINITIALIZED_AUTOS = YES_AGGRESSIVE;
				GCC_WARN_UNUSED_FUNCTION = YES;
				GCC_WARN_UNUSED_VARIABLE = YES;
				IPHONEOS_DEPLOYMENT_TARGET = 16.2;
				MTL_ENABLE_DEBUG_INFO = INCLUDE_SOURCE;
				MTL_FAST_MATH = YES;
				ONLY_ACTIVE_ARCH = YES;
				SDKROOT = iphoneos;
				SWIFT_ACTIVE_COMPILATION_CONDITIONS = DEBUG;
				SWIFT_OPTIMIZATION_LEVEL = "-Onone";
			};
			name = Debug;
		};
		6A27299F29A47F2A000B62D1 /* Release */ = {
			isa = XCBuildConfiguration;
			buildSettings = {
				ALWAYS_SEARCH_USER_PATHS = NO;
				CLANG_ANALYZER_NONNULL = YES;
				CLANG_ANALYZER_NUMBER_OBJECT_CONVERSION = YES_AGGRESSIVE;
				CLANG_CXX_LANGUAGE_STANDARD = "gnu++20";
				CLANG_ENABLE_MODULES = YES;
				CLANG_ENABLE_OBJC_ARC = YES;
				CLANG_ENABLE_OBJC_WEAK = YES;
				CLANG_WARN_BLOCK_CAPTURE_AUTORELEASING = YES;
				CLANG_WARN_BOOL_CONVERSION = YES;
				CLANG_WARN_COMMA = YES;
				CLANG_WARN_CONSTANT_CONVERSION = YES;
				CLANG_WARN_DEPRECATED_OBJC_IMPLEMENTATIONS = YES;
				CLANG_WARN_DIRECT_OBJC_ISA_USAGE = YES_ERROR;
				CLANG_WARN_DOCUMENTATION_COMMENTS = YES;
				CLANG_WARN_EMPTY_BODY = YES;
				CLANG_WARN_ENUM_CONVERSION = YES;
				CLANG_WARN_INFINITE_RECURSION = YES;
				CLANG_WARN_INT_CONVERSION = YES;
				CLANG_WARN_NON_LITERAL_NULL_CONVERSION = YES;
				CLANG_WARN_OBJC_IMPLICIT_RETAIN_SELF = YES;
				CLANG_WARN_OBJC_LITERAL_CONVERSION = YES;
				CLANG_WARN_OBJC_ROOT_CLASS = YES_ERROR;
				CLANG_WARN_QUOTED_INCLUDE_IN_FRAMEWORK_HEADER = YES;
				CLANG_WARN_RANGE_LOOP_ANALYSIS = YES;
				CLANG_WARN_STRICT_PROTOTYPES = YES;
				CLANG_WARN_SUSPICIOUS_MOVE = YES;
				CLANG_WARN_UNGUARDED_AVAILABILITY = YES_AGGRESSIVE;
				CLANG_WARN_UNREACHABLE_CODE = YES;
				CLANG_WARN__DUPLICATE_METHOD_MATCH = YES;
				COPY_PHASE_STRIP = NO;
				DEBUG_INFORMATION_FORMAT = "dwarf-with-dsym";
				ENABLE_NS_ASSERTIONS = NO;
				ENABLE_STRICT_OBJC_MSGSEND = YES;
				GCC_C_LANGUAGE_STANDARD = gnu11;
				GCC_NO_COMMON_BLOCKS = YES;
				GCC_WARN_64_TO_32_BIT_CONVERSION = YES;
				GCC_WARN_ABOUT_RETURN_TYPE = YES_ERROR;
				GCC_WARN_UNDECLARED_SELECTOR = YES;
				GCC_WARN_UNINITIALIZED_AUTOS = YES_AGGRESSIVE;
				GCC_WARN_UNUSED_FUNCTION = YES;
				GCC_WARN_UNUSED_VARIABLE = YES;
				IPHONEOS_DEPLOYMENT_TARGET = 16.2;
				MTL_ENABLE_DEBUG_INFO = NO;
				MTL_FAST_MATH = YES;
				SDKROOT = iphoneos;
				SWIFT_COMPILATION_MODE = wholemodule;
				SWIFT_OPTIMIZATION_LEVEL = "-O";
				VALIDATE_PRODUCT = YES;
			};
			name = Release;
		};
		6A2729A129A47F2A000B62D1 /* Debug */ = {
			isa = XCBuildConfiguration;
			buildSettings = {
				ASSETCATALOG_COMPILER_APPICON_NAME = AppIcon;
				ASSETCATALOG_COMPILER_GLOBAL_ACCENT_COLOR_NAME = AccentColor;
				CODE_SIGN_STYLE = Automatic;
				CURRENT_PROJECT_VERSION = 1;
				GENERATE_INFOPLIST_FILE = YES;
				INFOPLIST_FILE = TableViewList/Info.plist;
				INFOPLIST_KEY_UIApplicationSupportsIndirectInputEvents = YES;
				INFOPLIST_KEY_UILaunchStoryboardName = LaunchScreen;
				INFOPLIST_KEY_UIMainStoryboardFile = Main;
				INFOPLIST_KEY_UISupportedInterfaceOrientations_iPad = "UIInterfaceOrientationPortrait UIInterfaceOrientationPortraitUpsideDown UIInterfaceOrientationLandscapeLeft UIInterfaceOrientationLandscapeRight";
				INFOPLIST_KEY_UISupportedInterfaceOrientations_iPhone = "UIInterfaceOrientationPortrait UIInterfaceOrientationLandscapeLeft UIInterfaceOrientationLandscapeRight";
				LD_RUNPATH_SEARCH_PATHS = (
					"$(inherited)",
					"@executable_path/Frameworks",
				);
				MARKETING_VERSION = 1.0;
				PRODUCT_BUNDLE_IDENTIFIER = com.example.app.TableViewList;
				PRODUCT_NAME = "$(TARGET_NAME)";
				SWIFT_EMIT_LOC_STRINGS = YES;
				SWIFT_VERSION = 5.0;
				TARGETED_DEVICE_FAMILY = "1,2";
			};
			name = Debug;
		};
		6A2729A229A47F2A000B62D1 /* Release */ = {
			isa = XCBuildConfiguration;
			buildSettings = {
				ASSETCATALOG_COMPILER_APPICON_NAME = AppIcon;
				ASSETCATALOG_COMPILER_GLOBAL_ACCENT_COLOR_NAME = AccentColor;
				CODE_SIGN_STYLE = Automatic;
				CURRENT_PROJECT_VERSION = 1;
				GENERATE_INFOPLIST_FILE = YES;
				INFOPLIST_FILE = TableViewList/Info.plist;
				INFOPLIST_KEY_UIApplicationSupportsIndirectInputEvents = YES;
				INFOPLIST_KEY_UILaunchStoryboardName = LaunchScreen;
				INFOPLIST_KEY_UIMainStoryboardFile = Main;
				INFOPLIST_KEY_UISupportedInterfaceOrientations_iPad = "UIInterfaceOrientationPortrait UIInterfaceOrientationPortraitUpsideDown UIInterfaceOrientationLandscapeLeft UIInterfaceOrientationLandscapeRight";
				INFOPLIST_KEY_UISupportedInterfaceOrientations_iPhone = "UIInterfaceOrientationPortrait UIInterfaceOrientationLandscapeLeft UIInterfaceOrientationLandscapeRight";
				LD_RUNPATH_SEARCH_PATHS = (
					"$(inherited)",
					"@executable_path/Frameworks",
				);
				MARKETING_VERSION = 1.0;
				PRODUCT_BUNDLE_IDENTIFIER = com.example.app.TableViewList;
				PRODUCT_NAME = "$(TARGET_NAME)";
				SWIFT_EMIT_LOC_STRINGS = YES;
				SWIFT_VERSION = 5.0;
				TARGETED_DEVICE_FAMILY = "1,2";
			};
			name = Release;
		};
		6A2729A429A47F2A000B62D1 /* Debug */ = {
			isa = XCBuildConfiguration;
			buildSettings = {
				ALWAYS_EMBED_SWIFT_STANDARD_LIBRARIES = YES;
				BUNDLE_LOADER = "$(TEST_HOST)";
				CODE_SIGN_STYLE = Automatic;
				CURRENT_PROJECT_VERSION = 1;
				GENERATE_INFOPLIST_FILE = YES;
				IPHONEOS_DEPLOYMENT_TARGET = 16.2;
				MARKETING_VERSION = 1.0;
				PRODUCT_BUNDLE_IDENTIFIER = com.example.app.TableViewListTests;
				PRODUCT_NAME = "$(TARGET_NAME)";
				SWIFT_EMIT_LOC_STRINGS = NO;
				SWIFT_VERSION = 5.0;
				TARGETED_DEVICE_FAMILY = "1,2";
				TEST_HOST = "$(BUILT_PRODUCTS_DIR)/TableViewList.app/$(BUNDLE_EXECUTABLE_FOLDER_PATH)/TableViewList";
			};
			name = Debug;
		};
		6A2729A529A47F2A000B62D1 /* Release */ = {
			isa = XCBuildConfiguration;
			buildSettings = {
				ALWAYS_EMBED_SWIFT_STANDARD_LIBRARIES = YES;
				BUNDLE_LOADER = "$(TEST_HOST)";
				CODE_SIGN_STYLE = Automatic;
				CURRENT_PROJECT_VERSION = 1;
				GENERATE_INFOPLIST_FILE = YES;
				IPHONEOS_DEPLOYMENT_TARGET = 16.2;
				MARKETING_VERSION = 1.0;
				PRODUCT_BUNDLE_IDENTIFIER = com.example.app.TableViewListTests;
				PRODUCT_NAME = "$(TARGET_NAME)";
				SWIFT_EMIT_LOC_STRINGS = NO;
				SWIFT_VERSION = 5.0;
				TARGETED_DEVICE_FAMILY = "1,2";
				TEST_HOST = "$(BUILT_PRODUCTS_DIR)/TableViewList.app/$(BUNDLE_EXECUTABLE_FOLDER_PATH)/TableViewList";
			};
			name = Release;
		};
		6A2729A729A47F2A000B62D1 /* Debug */ = {
			isa = XCBuildConfiguration;
			buildSettings = {
				ALWAYS_EMBED_SWIFT_STANDARD_LIBRARIES = YES;
				CODE_SIGN_STYLE = Automatic;
				CURRENT_PROJECT_VERSION = 1;
				GENERATE_INFOPLIST_FILE = YES;
				MARKETING_VERSION = 1.0;
				PRODUCT_BUNDLE_IDENTIFIER = com.example.app.TableViewListUITests;
				PRODUCT_NAME = "$(TARGET_NAME)";
				SWIFT_EMIT_LOC_STRINGS = NO;
				SWIFT_VERSION = 5.0;
				TARGETED_DEVICE_FAMILY = "1,2";
				TEST_TARGET_NAME = TableViewList;
			};
			name = Debug;
		};
		6A2729A829A47F2A000B62D1 /* Release */ = {
			isa = XCBuildConfiguration;
			buildSettings = {
				ALWAYS_EMBED_SWIFT_STANDARD_LIBRARIES = YES;
				CODE_SIGN_STYLE = Automatic;
				CURRENT_PROJECT_VERSION = 1;
				GENERATE_INFOPLIST_FILE = YES;
				MARKETING_VERSION = 1.0;
				PRODUCT_BUNDLE_IDENTIFIER = com.example.app.TableViewListUITests;
				PRODUCT_NAME = "$(TARGET_NAME)";
				SWIFT_EMIT_LOC_STRINGS = NO;
				SWIFT_VERSION = 5.0;
				TARGETED_DEVICE_FAMILY = "1,2";
				TEST_TARGET_NAME = TableViewList;
			};
			name = Release;
		};
/* End XCBuildConfiguration section */

/* Begin XCConfigurationList section */
		6A27297129A47F2A000B62D1 /* Build configuration list for PBXProject "TableViewList" */ = {
			isa = XCConfigurationList;
			buildConfigurations = (
				6A27299E29A47F2A000B62D1 /* Debug */,
				6A27299F29A47F2A000B62D1 /* Release */,
			);
			defaultConfigurationIsVisible = 0;
			defaultConfigurationName = Release;
		};
		6A2729A029A47F2A000B62D1 /* Build configuration list for PBXNativeTarget "TableViewList" */ = {
			isa = XCConfigurationList;
			buildConfigurations = (
				6A2729A129A47F2A000B62D1 /* Debug */,
				6A2729A229A47F2A000B62D1 /* Release */,
			);
			defaultConfigurationIsVisible = 0;
			defaultConfigurationName = Release;
		};
		6A2729A329A47F2A000B62D1 /* Build configuration list for PBXNativeTarget "TableViewListTests" */ = {
			isa = XCConfigurationList;
			buildConfigurations = (
				6A2729A429A47F2A000B62D1 /* Debug */,
				6A2729A529A47F2A000B62D1 /* Release */,
			);
			defaultConfigurationIsVisible = 0;
			defaultConfigurationName = Release;
		};
		6A2729A629A47F2A000B62D1 /* Build configuration list for PBXNativeTarget "TableViewListUITests" */ = {
			isa = XCConfigurationList;
			buildConfigurations = (
				6A2729A729A47F2A000B62D1 /* Debug */,
				6A2729A829A47F2A000B62D1 /* Release */,
			);
			defaultConfigurationIsVisible = 0;
			defaultConfigurationName = Release;
		};
/* End XCConfigurationList section */

/* Begin XCVersionGroup section */
		6A0A68D829B9B1A80019C0E7 /* CRUDOperations.xcdatamodeld */ = {
			isa = XCVersionGroup;
			children = (
				6A0A68D929B9B1A80019C0E7 /* CRUDOperations.xcdatamodel */,
			);
			currentVersion = 6A0A68D929B9B1A80019C0E7 /* CRUDOperations.xcdatamodel */;
			path = CRUDOperations.xcdatamodeld;
			sourceTree = "<group>";
			versionGroupType = wrapper.xcdatamodel;
		};
/* End XCVersionGroup section */
	};
	rootObject = 6A27296E29A47F2A000B62D1 /* Project object */;
}
